{
  "name": "compression-benchmark",
  "version": "1.0.0",
  "lockfileVersion": 3,
  "requires": true,
  "packages": {
    "": {
      "name": "compression-benchmark",
      "version": "1.0.0",
      "license": "ISC",
      "dependencies": {
        "@mongodb-js/zstd": "^1.1.4",
        "@toondepauw/node-zstd": "^1.2.0"
      }
    },
    "node_modules/@mongodb-js/zstd": {
      "version": "1.2.2",
      "resolved": "https://registry.npmjs.org/@mongodb-js/zstd/-/zstd-1.2.2.tgz",
      "integrity": "sha512-NRXiFhk2Nl8UMuIZ4pviKkGVZY/e5P37Opam1u0OtgXjEE0kO1HLapA9heTcZ1PUomArnKS426XbiRFr5iaWvw==",
      "deprecated": "1.x versions of this package are deprecated, please use 2.x instead",
      "license": "Apache-2.0",
      "engines": {
        "node": ">= 10"
      },
      "optionalDependencies": {
        "@mongodb-js/zstd-darwin-arm64": "1.2.2",
        "@mongodb-js/zstd-darwin-x64": "1.2.2",
        "@mongodb-js/zstd-linux-arm64-gnu": "1.2.2",
        "@mongodb-js/zstd-linux-arm64-musl": "1.2.2",
        "@mongodb-js/zstd-linux-x64-gnu": "1.2.2",
        "@mongodb-js/zstd-linux-x64-musl": "1.2.2",
        "@mongodb-js/zstd-win32-x64-msvc": "1.2.2"
      }
    },
    "node_modules/@mongodb-js/zstd-darwin-arm64": {
      "version": "1.2.2",
      "resolved": "https://registry.npmjs.org/@mongodb-js/zstd-darwin-arm64/-/zstd-darwin-arm64-1.2.2.tgz",
      "integrity": "sha512-hjQgub8fhn3itewwRSCSe3sl8rmnbZOFwuBHOZj4j4xu1Hde7xs+ACkfeEvvmNjUuxAzvc1MnDjHX2UwUlA7qA==",
      "cpu": [
        "arm64"
      ],
      "deprecated": "Package no longer supported. Contact Support at https://www.npmjs.com/support for more info.",
      "license": "MIT",
      "optional": true,
      "os": [
        "darwin"
      ],
      "engines": {
        "node": ">= 10"
      }
    },
    "node_modules/@mongodb-js/zstd-darwin-x64": {
      "version": "1.2.2",
      "resolved": "https://registry.npmjs.org/@mongodb-js/zstd-darwin-x64/-/zstd-darwin-x64-1.2.2.tgz",
      "integrity": "sha512-gHSxcWgAdED/bDKyOqLhiwC0VYlhkhSyQuR0Fqcrl1CMpWSJAfu0jxhaEvM4Ncs6yH0+BPVwTp8xtHW2iJ5DuQ==",
      "cpu": [
        "x64"
      ],
      "deprecated": "Package no longer supported. Contact Support at https://www.npmjs.com/support for more info.",
      "license": "MIT",
      "optional": true,
      "os": [
        "darwin"
      ],
      "engines": {
        "node": ">= 10"
      }
    },
    "node_modules/@mongodb-js/zstd-linux-arm64-gnu": {
      "version": "1.2.2",
      "resolved": "https://registry.npmjs.org/@mongodb-js/zstd-linux-arm64-gnu/-/zstd-linux-arm64-gnu-1.2.2.tgz",
      "integrity": "sha512-DJVSC5IU/GlY9lY4qpKML/655OstZvueN/WZeuO8hyYJ5115x/usUM1pHpp7dbZWyUUhTlRIU4peR62Tk1H3lQ==",
      "cpu": [
        "arm64"
      ],
      "deprecated": "Package no longer supported. Contact Support at https://www.npmjs.com/support for more info.",
      "license": "MIT",
      "optional": true,
      "os": [
        "linux"
      ],
      "engines": {
        "node": ">= 10"
      }
    },
    "node_modules/@mongodb-js/zstd-linux-arm64-musl": {
      "version": "1.2.2",
      "resolved": "https://registry.npmjs.org/@mongodb-js/zstd-linux-arm64-musl/-/zstd-linux-arm64-musl-1.2.2.tgz",
      "integrity": "sha512-rxTmMF2NGLLijnw+MZCs0ixiE+NylpDYvUUkJemqjyHstlmYG0Ku6i3+SzViB6L0kkktwYSRpaI4y7OG+SFt3w==",
      "cpu": [
        "arm64"
      ],
      "deprecated": "Package no longer supported. Contact Support at https://www.npmjs.com/support for more info.",
      "license": "MIT",
      "optional": true,
      "os": [
        "linux"
      ],
      "engines": {
        "node": ">= 10"
      }
    },
    "node_modules/@mongodb-js/zstd-linux-x64-gnu": {
      "version": "1.2.2",
      "resolved": "https://registry.npmjs.org/@mongodb-js/zstd-linux-x64-gnu/-/zstd-linux-x64-gnu-1.2.2.tgz",
      "integrity": "sha512-ctz/XY6aX2THxkTjAygOYbyFp2/UYbqZIF3sB1F5Cjcbus9wfD3vPbaDegqRjQhlHBvKia3IjqJDUiC+aZxmww==",
      "cpu": [
        "x64"
      ],
      "deprecated": "Package no longer supported. Contact Support at https://www.npmjs.com/support for more info.",
      "license": "MIT",
      "optional": true,
      "os": [
        "linux"
      ],
      "engines": {
        "node": ">= 10"
      }
    },
    "node_modules/@mongodb-js/zstd-linux-x64-musl": {
      "version": "1.2.2",
      "resolved": "https://registry.npmjs.org/@mongodb-js/zstd-linux-x64-musl/-/zstd-linux-x64-musl-1.2.2.tgz",
      "integrity": "sha512-EqD271yPIRBGbkMtBJSVTLlUrukTsmi7qt1G3dh+Z9RWVXn5MXnlnEn4znfBXoaVqlniUNZhmzDEaATNIktJpw==",
      "cpu": [
        "x64"
      ],
      "deprecated": "Package no longer supported. Contact Support at https://www.npmjs.com/support for more info.",
      "license": "MIT",
      "optional": true,
      "os": [
        "linux"
      ],
      "engines": {
        "node": ">= 10"
      }
    },
    "node_modules/@mongodb-js/zstd-win32-x64-msvc": {
      "version": "1.2.2",
      "resolved": "https://registry.npmjs.org/@mongodb-js/zstd-win32-x64-msvc/-/zstd-win32-x64-msvc-1.2.2.tgz",
      "integrity": "sha512-h3O9NGOrGtfQ7g+rFqs5Hn+GSmgF2ik+xg0/1crNUXWthcBsxcCK5woawHfDcJxWkaiijJe5PVo6/fo8Jm7qCg==",
      "cpu": [
        "x64"
      ],
      "deprecated": "This package is no longer maintained.  Please use @mongodb-js/zstd@2.x instead.",
      "license": "MIT",
      "optional": true,
      "os": [
        "win32"
      ],
      "engines": {
        "node": ">= 10"
      }
    },
    "node_modules/@toondepauw/node-zstd": {
      "version": "1.2.0",
      "resolved": "https://registry.npmjs.org/@toondepauw/node-zstd/-/node-zstd-1.2.0.tgz",
      "integrity": "sha512-vVDvPUstF9gKEX+Kqp654bL+4UNus6pkmY8mlcJQpIw/Sn6sO9fl1PEwxB0d0unH5PmVfBUicf1lOXu74OLrCg==",
      "license": "MIT",
      "engines": {
        "node": ">= 14"
      },
      "optionalDependencies": {
        "@toondepauw/node-zstd-darwin-arm64": "1.2.0",
        "@toondepauw/node-zstd-darwin-x64": "1.2.0",
        "@toondepauw/node-zstd-freebsd-x64": "1.2.0",
        "@toondepauw/node-zstd-linux-arm64-gnu": "1.2.0",
        "@toondepauw/node-zstd-linux-arm64-musl": "1.2.0",
        "@toondepauw/node-zstd-linux-x64-gnu": "1.2.0",
        "@toondepauw/node-zstd-linux-x64-musl": "1.2.0",
        "@toondepauw/node-zstd-win32-x64-msvc": "1.2.0"
      }
    },
    "node_modules/@toondepauw/node-zstd-darwin-arm64": {
      "version": "1.2.0",
      "resolved": "https://registry.npmjs.org/@toondepauw/node-zstd-darwin-arm64/-/node-zstd-darwin-arm64-1.2.0.tgz",
      "integrity": "sha512-fdBGlRSrf19M1+IJ98aJCLK6/HKQRnRlhE5i6EZ7kVfD2r6h5Bq9NqHAmQ5MgwtmfB9VMmiIrQAMIxKVeT54pg==",
      "cpu": [
        "arm64"
      ],
      "license": "MIT",
      "optional": true,
      "os": [
        "darwin"
      ],
      "engines": {
        "node": ">= 14"
      }
    },
    "node_modules/@toondepauw/node-zstd-darwin-x64": {
      "version": "1.2.0",
      "resolved": "https://registry.npmjs.org/@toondepauw/node-zstd-darwin-x64/-/node-zstd-darwin-x64-1.2.0.tgz",
      "integrity": "sha512-ZVu4zkQUgCQ8z1lLd7/LZzIYDKL48tPguIN8L4SRfLuWWlTq2/4OT6AmchztDbe5soLCDuw64t5X5otDvgsGJA==",
      "cpu": [
        "x64"
      ],
      "license": "MIT",
      "optional": true,
      "os": [
        "darwin"
      ],
      "engines": {
        "node": ">= 14"
      }
    },
    "node_modules/@toondepauw/node-zstd-freebsd-x64": {
      "version": "1.2.0",
      "resolved": "https://registry.npmjs.org/@toondepauw/node-zstd-freebsd-x64/-/node-zstd-freebsd-x64-1.2.0.tgz",
      "integrity": "sha512-kDK+l3uP7htiWvM/klY32siEGIBk3K5Da4/DcXV2q/Vp+Ph86FWpQRzC46wJIpJB60xEU67pxFGLBH/8/RB02g==",
      "cpu": [
        "x64"
      ],
      "license": "MIT",
      "optional": true,
      "os": [
        "freebsd"
      ],
      "engines": {
        "node": ">= 14"
      }
    },
    "node_modules/@toondepauw/node-zstd-linux-arm64-gnu": {
      "version": "1.2.0",
      "resolved": "https://registry.npmjs.org/@toondepauw/node-zstd-linux-arm64-gnu/-/node-zstd-linux-arm64-gnu-1.2.0.tgz",
      "integrity": "sha512-KteUWam7McA0moNiRgu7KSgPu3FE+KXuh3ObqWoco5JK53Sp4Pgr/q1IYsdN6TYYbgJMkJpof62NIbyi6tnVfg==",
      "cpu": [
        "arm64"
      ],
      "license": "MIT",
      "optional": true,
      "os": [
        "linux"
      ],
      "engines": {
        "node": ">= 14"
      }
    },
    "node_modules/@toondepauw/node-zstd-linux-arm64-musl": {
      "version": "1.2.0",
      "resolved": "https://registry.npmjs.org/@toondepauw/node-zstd-linux-arm64-musl/-/node-zstd-linux-arm64-musl-1.2.0.tgz",
      "integrity": "sha512-KjbGOXvPmorhWGD4kEVjdBz/gJgUOw1Eu0xziBwsq03URrI0XSDAY6YiJZpZtGnSjm7XonEpnBZcVwXH1HZz3Q==",
      "cpu": [
        "arm64"
      ],
      "license": "MIT",
      "optional": true,
      "os": [
        "linux"
      ],
      "engines": {
        "node": ">= 14"
      }
    },
    "node_modules/@toondepauw/node-zstd-linux-x64-gnu": {
      "version": "1.2.0",
      "resolved": "https://registry.npmjs.org/@toondepauw/node-zstd-linux-x64-gnu/-/node-zstd-linux-x64-gnu-1.2.0.tgz",
      "integrity": "sha512-qNJDZGd/jplK/1J+8V87dYdrviAxNt1iwI/SQ0JR3HTz5Jdbu+BnVB9oMklCc/bGWa8zTkiZkl/EwA3gtbpo+Q==",
      "cpu": [
        "x64"
      ],
      "license": "MIT",
      "optional": true,
      "os": [
        "linux"
      ],
      "engines": {
        "node": ">= 14"
      }
    },
    "node_modules/@toondepauw/node-zstd-linux-x64-musl": {
      "version": "1.2.0",
      "resolved": "https://registry.npmjs.org/@toondepauw/node-zstd-linux-x64-musl/-/node-zstd-linux-x64-musl-1.2.0.tgz",
      "integrity": "sha512-Cw1qnMXde8caitDMbk0vWrqnVHTSK+JB/Dp3XnZghQjBrD7JLj2qNzh0eTkxNFa+nijbo8HyyslWGswCugYZCw==",
      "cpu": [
        "x64"
      ],
      "license": "MIT",
      "optional": true,
      "os": [
        "linux"
      ],
      "engines": {
        "node": ">= 14"
      }
    },
    "node_modules/@toondepauw/node-zstd-win32-x64-msvc": {
      "version": "1.2.0",
      "resolved": "https://registry.npmjs.org/@toondepauw/node-zstd-win32-x64-msvc/-/node-zstd-win32-x64-msvc-1.2.0.tgz",
      "integrity": "sha512-7cD2/R7DLZHMxHTsQNtOX3vJCT4qd74a3nWjYYthJ89gqXwwEoC8BwttQxvHd0qCZ3S/cZ/BYoTikXMwMNmCEg==",
      "cpu": [
        "x64"
      ],
      "license": "MIT",
      "optional": true,
      "os": [
        "win32"
      ],
      "engines": {
        "node": ">= 14"
      }
    }
  }
}
